
Microsoft Visual Studio Solution File, Format Version 12.00
# Visual Studio Version 17
VisualStudioVersion = 17.1.32319.34
MinimumVisualStudioVersion = 10.0.40219.1
Project("{2150E333-8FDC-42A3-9474-1A3956D46DE8}") = "FrontEnd", "FrontEnd", "{C56D2985-AA21-44D2-8A9E-125A855FF88D}"
EndProject
Project("{9A19103F-16F7-4668-BE54-9A1E7A4F7556}") = "Restaurant.Web", "Restaurant.Web\Restaurant.Web.csproj", "{84F18638-5738-45F2-9A1C-F3E68F64DC99}"
EndProject
Project("{2150E333-8FDC-42A3-9474-1A3956D46DE8}") = "Services", "Services", "{73862411-26BD-43DE-9000-54CBD0D5523D}"
EndProject
Project("{9A19103F-16F7-4668-BE54-9A1E7A4F7556}") = "Restaurant.Services.ProductAPI", "Restaurant.Services.ProductAPI\Restaurant.Services.ProductAPI.csproj", "{838562D1-A4AA-46E4-8B3F-386E48337B7F}"
EndProject
Project("{9A19103F-16F7-4668-BE54-9A1E7A4F7556}") = "Restaurant.Services.ShoppingCart", "Restaurant.Services.ShoppingCart\Restaurant.Services.ShoppingCart.csproj", "{F28318B6-2255-4975-A441-C402638478EB}"
EndProject
Project("{9A19103F-16F7-4668-BE54-9A1E7A4F7556}") = "Restaurant.Services.CouponAPI", "Restaurant.Services.CouponAPI\Restaurant.Services.CouponAPI.csproj", "{3E8027D5-D766-4B95-8767-C04E40DBBAA9}"
EndProject
Project("{2150E333-8FDC-42A3-9474-1A3956D46DE8}") = "Integration", "Integration", "{338D46A6-D0CE-4F8D-8F72-A100E9E583C8}"
EndProject
Project("{9A19103F-16F7-4668-BE54-9A1E7A4F7556}") = "Restaurant.MessageBus", "Restaurant.MessageBus\Restaurant.MessageBus.csproj", "{3E44FDD5-3198-4A4C-848F-9D6B1D0788EA}"
EndProject
Project("{9A19103F-16F7-4668-BE54-9A1E7A4F7556}") = "Restaurant.Services.OrderAPI", "Restaurant.Services.OrderAPI\Restaurant.Services.OrderAPI.csproj", "{E7A86802-1E53-4710-971B-FD65FA272D0E}"
EndProject
Project("{2150E333-8FDC-42A3-9474-1A3956D46DE8}") = "Tests", "Tests", "{AC284C5C-E0E5-4EEA-A947-9084E011426F}"
EndProject
Project("{FAE04EC0-301F-11D3-BF4B-00C04F79EFBC}") = "Restaurant.ProductAPI.Tests", "ProductAPI.Tests\Restaurant.ProductAPI.Tests.csproj", "{0E7E8921-FA9F-4CD6-BA27-6003813B7FD2}"
EndProject
Global
	GlobalSection(SolutionConfigurationPlatforms) = preSolution
		Debug|Any CPU = Debug|Any CPU
		Release|Any CPU = Release|Any CPU
	EndGlobalSection
	GlobalSection(ProjectConfigurationPlatforms) = postSolution
		{84F18638-5738-45F2-9A1C-F3E68F64DC99}.Debug|Any CPU.ActiveCfg = Debug|Any CPU
		{84F18638-5738-45F2-9A1C-F3E68F64DC99}.Debug|Any CPU.Build.0 = Debug|Any CPU
		{84F18638-5738-45F2-9A1C-F3E68F64DC99}.Release|Any CPU.ActiveCfg = Release|Any CPU
		{84F18638-5738-45F2-9A1C-F3E68F64DC99}.Release|Any CPU.Build.0 = Release|Any CPU
		{838562D1-A4AA-46E4-8B3F-386E48337B7F}.Debug|Any CPU.ActiveCfg = Debug|Any CPU
		{838562D1-A4AA-46E4-8B3F-386E48337B7F}.Debug|Any CPU.Build.0 = Debug|Any CPU
		{838562D1-A4AA-46E4-8B3F-386E48337B7F}.Release|Any CPU.ActiveCfg = Release|Any CPU
		{838562D1-A4AA-46E4-8B3F-386E48337B7F}.Release|Any CPU.Build.0 = Release|Any CPU
		{F28318B6-2255-4975-A441-C402638478EB}.Debug|Any CPU.ActiveCfg = Debug|Any CPU
		{F28318B6-2255-4975-A441-C402638478EB}.Debug|Any CPU.Build.0 = Debug|Any CPU
		{F28318B6-2255-4975-A441-C402638478EB}.Release|Any CPU.ActiveCfg = Release|Any CPU
		{F28318B6-2255-4975-A441-C402638478EB}.Release|Any CPU.Build.0 = Release|Any CPU
		{3E8027D5-D766-4B95-8767-C04E40DBBAA9}.Debug|Any CPU.ActiveCfg = Debug|Any CPU
		{3E8027D5-D766-4B95-8767-C04E40DBBAA9}.Debug|Any CPU.Build.0 = Debug|Any CPU
		{3E8027D5-D766-4B95-8767-C04E40DBBAA9}.Release|Any CPU.ActiveCfg = Release|Any CPU
		{3E8027D5-D766-4B95-8767-C04E40DBBAA9}.Release|Any CPU.Build.0 = Release|Any CPU
		{3E44FDD5-3198-4A4C-848F-9D6B1D0788EA}.Debug|Any CPU.ActiveCfg = Debug|Any CPU
		{3E44FDD5-3198-4A4C-848F-9D6B1D0788EA}.Debug|Any CPU.Build.0 = Debug|Any CPU
		{3E44FDD5-3198-4A4C-848F-9D6B1D0788EA}.Release|Any CPU.ActiveCfg = Release|Any CPU
		{3E44FDD5-3198-4A4C-848F-9D6B1D0788EA}.Release|Any CPU.Build.0 = Release|Any CPU
		{E7A86802-1E53-4710-971B-FD65FA272D0E}.Debug|Any CPU.ActiveCfg = Debug|Any CPU
		{E7A86802-1E53-4710-971B-FD65FA272D0E}.Debug|Any CPU.Build.0 = Debug|Any CPU
		{E7A86802-1E53-4710-971B-FD65FA272D0E}.Release|Any CPU.ActiveCfg = Release|Any CPU
		{E7A86802-1E53-4710-971B-FD65FA272D0E}.Release|Any CPU.Build.0 = Release|Any CPU
		{0E7E8921-FA9F-4CD6-BA27-6003813B7FD2}.Debug|Any CPU.ActiveCfg = Debug|Any CPU
		{0E7E8921-FA9F-4CD6-BA27-6003813B7FD2}.Debug|Any CPU.Build.0 = Debug|Any CPU
		{0E7E8921-FA9F-4CD6-BA27-6003813B7FD2}.Release|Any CPU.ActiveCfg = Release|Any CPU
		{0E7E8921-FA9F-4CD6-BA27-6003813B7FD2}.Release|Any CPU.Build.0 = Release|Any CPU
	EndGlobalSection
	GlobalSection(SolutionProperties) = preSolution
		HideSolutionNode = FALSE
	EndGlobalSection
	GlobalSection(NestedProjects) = preSolution
		{84F18638-5738-45F2-9A1C-F3E68F64DC99} = {C56D2985-AA21-44D2-8A9E-125A855FF88D}
		{838562D1-A4AA-46E4-8B3F-386E48337B7F} = {73862411-26BD-43DE-9000-54CBD0D5523D}
		{F28318B6-2255-4975-A441-C402638478EB} = {73862411-26BD-43DE-9000-54CBD0D5523D}
		{3E8027D5-D766-4B95-8767-C04E40DBBAA9} = {73862411-26BD-43DE-9000-54CBD0D5523D}
		{3E44FDD5-3198-4A4C-848F-9D6B1D0788EA} = {338D46A6-D0CE-4F8D-8F72-A100E9E583C8}
		{E7A86802-1E53-4710-971B-FD65FA272D0E} = {73862411-26BD-43DE-9000-54CBD0D5523D}
		{0E7E8921-FA9F-4CD6-BA27-6003813B7FD2} = {AC284C5C-E0E5-4EEA-A947-9084E011426F}
	EndGlobalSection
	GlobalSection(ExtensibilityGlobals) = postSolution
		SolutionGuid = {912C3974-5ECF-4D4B-850E-151C4909FF11}
	EndGlobalSection
EndGlobal
